
Microsoft Visual Studio Solution File, Format Version 12.00
# Visual Studio Version 16
VisualStudioVersion = 16.0.31624.102
MinimumVisualStudioVersion = 10.0.40219.1
Project("{FAE04EC0-301F-11D3-BF4B-00C04F79EFBC}") = "WordFinder", "WordFinder\WordFinder.csproj", "{CA3C156E-8DBD-4B21-9BDB-7FDCBFDB97A5}"
EndProject
Global
	GlobalSection(SolutionConfigurationPlatforms) = preSolution
		Debug|Any CPU = Debug|Any CPU
		Release|Any CPU = Release|Any CPU
	EndGlobalSection
	GlobalSection(ProjectConfigurationPlatforms) = postSolution
		{CA3C156E-8DBD-4B21-9BDB-7FDCBFDB97A5}.Debug|Any CPU.ActiveCfg = Debug|Any CPU
		{CA3C156E-8DBD-4B21-9BDB-7FDCBFDB97A5}.Debug|Any CPU.Build.0 = Debug|Any CPU
		{CA3C156E-8DBD-4B21-9BDB-7FDCBFDB97A5}.Release|Any CPU.ActiveCfg = Release|Any CPU
		{CA3C156E-8DBD-4B21-9BDB-7FDCBFDB97A5}.Release|Any CPU.Build.0 = Release|Any CPU
	EndGlobalSection
	GlobalSection(SolutionProperties) = preSolution
		HideSolutionNode = FALSE
	EndGlobalSection
	GlobalSection(ExtensibilityGlobals) = postSolution
		SolutionGuid = {EB793C8D-AE27-46E0-B0EA-4BFA81C8EA52}
	EndGlobalSection
EndGlobal
